
Microsoft Visual Studio Solution File, Format Version 12.00
# Visual Studio Version 16
VisualStudioVersion = 16.0.30011.22
MinimumVisualStudioVersion = 10.0.40219.1
Project("{FAE04EC0-301F-11D3-BF4B-00C04F79EFBC}") = "Zad9", "Zad9\Zad9.csproj", "{6E408450-94CE-47C7-B95D-E1F92EE2E445}"
EndProject
Global
	GlobalSection(SolutionConfigurationPlatforms) = preSolution
		Debug|Any CPU = Debug|Any CPU
		Release|Any CPU = Release|Any CPU
	EndGlobalSection
	GlobalSection(ProjectConfigurationPlatforms) = postSolution
		{6E408450-94CE-47C7-B95D-E1F92EE2E445}.Debug|Any CPU.ActiveCfg = Debug|Any CPU
		{6E408450-94CE-47C7-B95D-E1F92EE2E445}.Debug|Any CPU.Build.0 = Debug|Any CPU
		{6E408450-94CE-47C7-B95D-E1F92EE2E445}.Release|Any CPU.ActiveCfg = Release|Any CPU
		{6E408450-94CE-47C7-B95D-E1F92EE2E445}.Release|Any CPU.Build.0 = Release|Any CPU
	EndGlobalSection
	GlobalSection(SolutionProperties) = preSolution
		HideSolutionNode = FALSE
	EndGlobalSection
	GlobalSection(ExtensibilityGlobals) = postSolution
		SolutionGuid = {8A66F4D5-FD94-46EE-A525-88E6095B397C}
	EndGlobalSection
EndGlobal
