
Microsoft Visual Studio Solution File, Format Version 12.00
# Visual Studio Version 16
VisualStudioVersion = 16.0.30011.22
MinimumVisualStudioVersion = 10.0.40219.1
Project("{FAE04EC0-301F-11D3-BF4B-00C04F79EFBC}") = "11", "11\11.csproj", "{AF41A875-E123-4467-B41B-8321A1CCF6FC}"
EndProject
Global
	GlobalSection(SolutionConfigurationPlatforms) = preSolution
		Debug|Any CPU = Debug|Any CPU
		Release|Any CPU = Release|Any CPU
	EndGlobalSection
	GlobalSection(ProjectConfigurationPlatforms) = postSolution
		{AF41A875-E123-4467-B41B-8321A1CCF6FC}.Debug|Any CPU.ActiveCfg = Debug|Any CPU
		{AF41A875-E123-4467-B41B-8321A1CCF6FC}.Debug|Any CPU.Build.0 = Debug|Any CPU
		{AF41A875-E123-4467-B41B-8321A1CCF6FC}.Release|Any CPU.ActiveCfg = Release|Any CPU
		{AF41A875-E123-4467-B41B-8321A1CCF6FC}.Release|Any CPU.Build.0 = Release|Any CPU
	EndGlobalSection
	GlobalSection(SolutionProperties) = preSolution
		HideSolutionNode = FALSE
	EndGlobalSection
	GlobalSection(ExtensibilityGlobals) = postSolution
		SolutionGuid = {C73D2624-B156-4FBC-ADAA-D8EA2A5FD8A7}
	EndGlobalSection
EndGlobal
