
Microsoft Visual Studio Solution File, Format Version 12.00
# Visual Studio Version 16
VisualStudioVersion = 16.0.30011.22
MinimumVisualStudioVersion = 10.0.40219.1
Project("{FAE04EC0-301F-11D3-BF4B-00C04F79EFBC}") = "Zad10", "Zad10\Zad10.csproj", "{6490A003-0323-46CF-BA18-27522039BF62}"
EndProject
Global
	GlobalSection(SolutionConfigurationPlatforms) = preSolution
		Debug|Any CPU = Debug|Any CPU
		Release|Any CPU = Release|Any CPU
	EndGlobalSection
	GlobalSection(ProjectConfigurationPlatforms) = postSolution
		{6490A003-0323-46CF-BA18-27522039BF62}.Debug|Any CPU.ActiveCfg = Debug|Any CPU
		{6490A003-0323-46CF-BA18-27522039BF62}.Debug|Any CPU.Build.0 = Debug|Any CPU
		{6490A003-0323-46CF-BA18-27522039BF62}.Release|Any CPU.ActiveCfg = Release|Any CPU
		{6490A003-0323-46CF-BA18-27522039BF62}.Release|Any CPU.Build.0 = Release|Any CPU
	EndGlobalSection
	GlobalSection(SolutionProperties) = preSolution
		HideSolutionNode = FALSE
	EndGlobalSection
	GlobalSection(ExtensibilityGlobals) = postSolution
		SolutionGuid = {08307280-B2B4-483A-A8DE-18B2F81075CA}
	EndGlobalSection
EndGlobal
