
Microsoft Visual Studio Solution File, Format Version 12.00
# Visual Studio Version 16
VisualStudioVersion = 16.0.30128.74
MinimumVisualStudioVersion = 10.0.40219.1
Project("{FAE04EC0-301F-11D3-BF4B-00C04F79EFBC}") = "Calculator1", "Calculator1\Calculator1.csproj", "{C3BC2305-D9B8-47DC-AEBA-875B8C676938}"
EndProject
Global
	GlobalSection(SolutionConfigurationPlatforms) = preSolution
		Debug|Any CPU = Debug|Any CPU
		Release|Any CPU = Release|Any CPU
	EndGlobalSection
	GlobalSection(ProjectConfigurationPlatforms) = postSolution
		{C3BC2305-D9B8-47DC-AEBA-875B8C676938}.Debug|Any CPU.ActiveCfg = Debug|Any CPU
		{C3BC2305-D9B8-47DC-AEBA-875B8C676938}.Debug|Any CPU.Build.0 = Debug|Any CPU
		{C3BC2305-D9B8-47DC-AEBA-875B8C676938}.Release|Any CPU.ActiveCfg = Release|Any CPU
		{C3BC2305-D9B8-47DC-AEBA-875B8C676938}.Release|Any CPU.Build.0 = Release|Any CPU
	EndGlobalSection
	GlobalSection(SolutionProperties) = preSolution
		HideSolutionNode = FALSE
	EndGlobalSection
	GlobalSection(ExtensibilityGlobals) = postSolution
		SolutionGuid = {15FB5311-E215-4976-AA39-0D9A12439C14}
	EndGlobalSection
EndGlobal
