
Microsoft Visual Studio Solution File, Format Version 12.00
# Visual Studio Version 16
VisualStudioVersion = 16.0.30011.22
MinimumVisualStudioVersion = 10.0.40219.1
Project("{FAE04EC0-301F-11D3-BF4B-00C04F79EFBC}") = "7.2", "7.2\7.2.csproj", "{1894DE1E-2A28-4786-8BD1-ADE93EB0E39F}"
EndProject
Global
	GlobalSection(SolutionConfigurationPlatforms) = preSolution
		Debug|Any CPU = Debug|Any CPU
		Release|Any CPU = Release|Any CPU
	EndGlobalSection
	GlobalSection(ProjectConfigurationPlatforms) = postSolution
		{1894DE1E-2A28-4786-8BD1-ADE93EB0E39F}.Debug|Any CPU.ActiveCfg = Debug|Any CPU
		{1894DE1E-2A28-4786-8BD1-ADE93EB0E39F}.Debug|Any CPU.Build.0 = Debug|Any CPU
		{1894DE1E-2A28-4786-8BD1-ADE93EB0E39F}.Release|Any CPU.ActiveCfg = Release|Any CPU
		{1894DE1E-2A28-4786-8BD1-ADE93EB0E39F}.Release|Any CPU.Build.0 = Release|Any CPU
	EndGlobalSection
	GlobalSection(SolutionProperties) = preSolution
		HideSolutionNode = FALSE
	EndGlobalSection
	GlobalSection(ExtensibilityGlobals) = postSolution
		SolutionGuid = {8956FCF4-4054-436B-8C59-1D7350318CEC}
	EndGlobalSection
EndGlobal
