
Microsoft Visual Studio Solution File, Format Version 12.00
# Visual Studio Version 16
VisualStudioVersion = 16.0.30011.22
MinimumVisualStudioVersion = 10.0.40219.1
Project("{FAE04EC0-301F-11D3-BF4B-00C04F79EFBC}") = "Общежитие", "Общежитие\Общежитие.csproj", "{6499F965-B9F7-4008-86A3-91D60620B2FE}"
EndProject
Global
	GlobalSection(SolutionConfigurationPlatforms) = preSolution
		Debug|Any CPU = Debug|Any CPU
		Release|Any CPU = Release|Any CPU
	EndGlobalSection
	GlobalSection(ProjectConfigurationPlatforms) = postSolution
		{6499F965-B9F7-4008-86A3-91D60620B2FE}.Debug|Any CPU.ActiveCfg = Debug|Any CPU
		{6499F965-B9F7-4008-86A3-91D60620B2FE}.Debug|Any CPU.Build.0 = Debug|Any CPU
		{6499F965-B9F7-4008-86A3-91D60620B2FE}.Release|Any CPU.ActiveCfg = Release|Any CPU
		{6499F965-B9F7-4008-86A3-91D60620B2FE}.Release|Any CPU.Build.0 = Release|Any CPU
	EndGlobalSection
	GlobalSection(SolutionProperties) = preSolution
		HideSolutionNode = FALSE
	EndGlobalSection
	GlobalSection(ExtensibilityGlobals) = postSolution
		SolutionGuid = {4DFCC488-051A-42C9-A8B7-8873F4A7F6C1}
	EndGlobalSection
EndGlobal
